
Microsoft Visual Studio Solution File, Format Version 12.00
# Visual Studio Version 16
VisualStudioVersion = 16.0.31624.102
MinimumVisualStudioVersion = 10.0.40219.1
Project("{FAE04EC0-301F-11D3-BF4B-00C04F79EFBC}") = "ConsoleApp1", "ConsoleApp1\ConsoleApp1.csproj", "{AE131560-5FA9-4010-BD7D-6B33C7F10851}"
EndProject
Global
	GlobalSection(SolutionConfigurationPlatforms) = preSolution
		Debug|Any CPU = Debug|Any CPU
		Release|Any CPU = Release|Any CPU
	EndGlobalSection
	GlobalSection(ProjectConfigurationPlatforms) = postSolution
		{AE131560-5FA9-4010-BD7D-6B33C7F10851}.Debug|Any CPU.ActiveCfg = Debug|Any CPU
		{AE131560-5FA9-4010-BD7D-6B33C7F10851}.Debug|Any CPU.Build.0 = Debug|Any CPU
		{AE131560-5FA9-4010-BD7D-6B33C7F10851}.Release|Any CPU.ActiveCfg = Release|Any CPU
		{AE131560-5FA9-4010-BD7D-6B33C7F10851}.Release|Any CPU.Build.0 = Release|Any CPU
	EndGlobalSection
	GlobalSection(SolutionProperties) = preSolution
		HideSolutionNode = FALSE
	EndGlobalSection
	GlobalSection(ExtensibilityGlobals) = postSolution
		SolutionGuid = {018D6E56-5897-48FE-A61F-2CE14D438E73}
	EndGlobalSection
EndGlobal
